// !$*UTF8*$!
{
	archiveVersion = 1;
	classes = {
	};
	objectVersion = 55;
	objects = {

/* Begin PBXBuildFile section */
		EA9BBE312727EC1900031043 /* BasicInformationEngineerCaluclationApp.swift in Sources */ = {isa = PBXBuildFile; fileRef = EA9BBE302727EC1900031043 /* BasicInformationEngineerCaluclationApp.swift */; };
		EA9BBE332727EC1900031043 /* ContentView.swift in Sources */ = {isa = PBXBuildFile; fileRef = EA9BBE322727EC1900031043 /* ContentView.swift */; };
		EA9BBE352727EC1A00031043 /* Assets.xcassets in Resources */ = {isa = PBXBuildFile; fileRef = EA9BBE342727EC1A00031043 /* Assets.xcassets */; };
		EA9BBE382727EC1A00031043 /* Preview Assets.xcassets in Resources */ = {isa = PBXBuildFile; fileRef = EA9BBE372727EC1A00031043 /* Preview Assets.xcassets */; };
		EA9BBE422727EC1A00031043 /* BasicInformationEngineerCaluclationTests.swift in Sources */ = {isa = PBXBuildFile; fileRef = EA9BBE412727EC1A00031043 /* BasicInformationEngineerCaluclationTests.swift */; };
		EA9BBE4C2727EC1A00031043 /* BasicInformationEngineerCaluclationUITests.swift in Sources */ = {isa = PBXBuildFile; fileRef = EA9BBE4B2727EC1A00031043 /* BasicInformationEngineerCaluclationUITests.swift */; };
		EA9BBE4E2727EC1A00031043 /* BasicInformationEngineerCaluclationUITestsLaunchTests.swift in Sources */ = {isa = PBXBuildFile; fileRef = EA9BBE4D2727EC1A00031043 /* BasicInformationEngineerCaluclationUITestsLaunchTests.swift */; };
		EA9BBE5C2727ED0000031043 /* HomeView.swift in Sources */ = {isa = PBXBuildFile; fileRef = EA9BBE5B2727ED0000031043 /* HomeView.swift */; };
/* End PBXBuildFile section */

/* Begin PBXContainerItemProxy section */
		EA9BBE3E2727EC1A00031043 /* PBXContainerItemProxy */ = {
			isa = PBXContainerItemProxy;
			containerPortal = EA9BBE252727EC1800031043 /* Project object */;
			proxyType = 1;
			remoteGlobalIDString = EA9BBE2C2727EC1800031043;
			remoteInfo = BasicInformationEngineerCaluclation;
		};
		EA9BBE482727EC1A00031043 /* PBXContainerItemProxy */ = {
			isa = PBXContainerItemProxy;
			containerPortal = EA9BBE252727EC1800031043 /* Project object */;
			proxyType = 1;
			remoteGlobalIDString = EA9BBE2C2727EC1800031043;
			remoteInfo = BasicInformationEngineerCaluclation;
		};
/* End PBXContainerItemProxy section */

/* Begin PBXFileReference section */
		EA9BBE2D2727EC1900031043 /* BasicInformationEngineerCaluclation.app */ = {isa = PBXFileReference; explicitFileType = wrapper.application; includeInIndex = 0; path = BasicInformationEngineerCaluclation.app; sourceTree = BUILT_PRODUCTS_DIR; };
		EA9BBE302727EC1900031043 /* BasicInformationEngineerCaluclationApp.swift */ = {isa = PBXFileReference; lastKnownFileType = sourcecode.swift; path = BasicInformationEngineerCaluclationApp.swift; sourceTree = "<group>"; };
		EA9BBE322727EC1900031043 /* ContentView.swift */ = {isa = PBXFileReference; lastKnownFileType = sourcecode.swift; path = ContentView.swift; sourceTree = "<group>"; };
		EA9BBE342727EC1A00031043 /* Assets.xcassets */ = {isa = PBXFileReference; lastKnownFileType = folder.assetcatalog; path = Assets.xcassets; sourceTree = "<group>"; };
		EA9BBE372727EC1A00031043 /* Preview Assets.xcassets */ = {isa = PBXFileReference; lastKnownFileType = folder.assetcatalog; path = "Preview Assets.xcassets"; sourceTree = "<group>"; };
		EA9BBE3D2727EC1A00031043 /* BasicInformationEngineerCaluclationTests.xctest */ = {isa = PBXFileReference; explicitFileType = wrapper.cfbundle; includeInIndex = 0; path = BasicInformationEngineerCaluclationTests.xctest; sourceTree = BUILT_PRODUCTS_DIR; };
		EA9BBE412727EC1A00031043 /* BasicInformationEngineerCaluclationTests.swift */ = {isa = PBXFileReference; lastKnownFileType = sourcecode.swift; path = BasicInformationEngineerCaluclationTests.swift; sourceTree = "<group>"; };
		EA9BBE472727EC1A00031043 /* BasicInformationEngineerCaluclationUITests.xctest */ = {isa = PBXFileReference; explicitFileType = wrapper.cfbundle; includeInIndex = 0; path = BasicInformationEngineerCaluclationUITests.xctest; sourceTree = BUILT_PRODUCTS_DIR; };
		EA9BBE4B2727EC1A00031043 /* BasicInformationEngineerCaluclationUITests.swift */ = {isa = PBXFileReference; lastKnownFileType = sourcecode.swift; path = BasicInformationEngineerCaluclationUITests.swift; sourceTree = "<group>"; };
		EA9BBE4D2727EC1A00031043 /* BasicInformationEngineerCaluclationUITestsLaunchTests.swift */ = {isa = PBXFileReference; lastKnownFileType = sourcecode.swift; path = BasicInformationEngineerCaluclationUITestsLaunchTests.swift; sourceTree = "<group>"; };
		EA9BBE5B2727ED0000031043 /* HomeView.swift */ = {isa = PBXFileReference; lastKnownFileType = sourcecode.swift; path = HomeView.swift; sourceTree = "<group>"; };
/* End PBXFileReference section */

/* Begin PBXFrameworksBuildPhase section */
		EA9BBE2A2727EC1800031043 /* Frameworks */ = {
			isa = PBXFrameworksBuildPhase;
			buildActionMask = 2147483647;
			files = (
			);
			runOnlyForDeploymentPostprocessing = 0;
		};
		EA9BBE3A2727EC1A00031043 /* Frameworks */ = {
			isa = PBXFrameworksBuildPhase;
			buildActionMask = 2147483647;
			files = (
			);
			runOnlyForDeploymentPostprocessing = 0;
		};
		EA9BBE442727EC1A00031043 /* Frameworks */ = {
			isa = PBXFrameworksBuildPhase;
			buildActionMask = 2147483647;
			files = (
			);
			runOnlyForDeploymentPostprocessing = 0;
		};
/* End PBXFrameworksBuildPhase section */

/* Begin PBXGroup section */
		EA9BBE242727EC1800031043 = {
			isa = PBXGroup;
			children = (
				EA9BBE2F2727EC1900031043 /* BasicInformationEngineerCaluclation */,
				EA9BBE402727EC1A00031043 /* BasicInformationEngineerCaluclationTests */,
				EA9BBE4A2727EC1A00031043 /* BasicInformationEngineerCaluclationUITests */,
				EA9BBE2E2727EC1900031043 /* Products */,
			);
			sourceTree = "<group>";
		};
		EA9BBE2E2727EC1900031043 /* Products */ = {
			isa = PBXGroup;
			children = (
				EA9BBE2D2727EC1900031043 /* BasicInformationEngineerCaluclation.app */,
				EA9BBE3D2727EC1A00031043 /* BasicInformationEngineerCaluclationTests.xctest */,
				EA9BBE472727EC1A00031043 /* BasicInformationEngineerCaluclationUITests.xctest */,
			);
			name = Products;
			sourceTree = "<group>";
		};
		EA9BBE2F2727EC1900031043 /* BasicInformationEngineerCaluclation */ = {
			isa = PBXGroup;
			children = (
				EA9BBE5A2727ECEA00031043 /* Views */,
				EA9BBE302727EC1900031043 /* BasicInformationEngineerCaluclationApp.swift */,
				EA9BBE322727EC1900031043 /* ContentView.swift */,
				EA9BBE342727EC1A00031043 /* Assets.xcassets */,
				EA9BBE362727EC1A00031043 /* Preview Content */,
			);
			path = BasicInformationEngineerCaluclation;
			sourceTree = "<group>";
		};
		EA9BBE362727EC1A00031043 /* Preview Content */ = {
			isa = PBXGroup;
			children = (
				EA9BBE372727EC1A00031043 /* Preview Assets.xcassets */,
			);
			path = "Preview Content";
			sourceTree = "<group>";
		};
		EA9BBE402727EC1A00031043 /* BasicInformationEngineerCaluclationTests */ = {
			isa = PBXGroup;
			children = (
				EA9BBE412727EC1A00031043 /* BasicInformationEngineerCaluclationTests.swift */,
			);
			path = BasicInformationEngineerCaluclationTests;
			sourceTree = "<group>";
		};
		EA9BBE4A2727EC1A00031043 /* BasicInformationEngineerCaluclationUITests */ = {
			isa = PBXGroup;
			children = (
				EA9BBE4B2727EC1A00031043 /* BasicInformationEngineerCaluclationUITests.swift */,
				EA9BBE4D2727EC1A00031043 /* BasicInformationEngineerCaluclationUITestsLaunchTests.swift */,
			);
			path = BasicInformationEngineerCaluclationUITests;
			sourceTree = "<group>";
		};
		EA9BBE5A2727ECEA00031043 /* Views */ = {
			isa = PBXGroup;
			children = (
				EA9BBE5B2727ED0000031043 /* HomeView.swift */,
			);
			path = Views;
			sourceTree = "<group>";
		};
/* End PBXGroup section */

/* Begin PBXNativeTarget section */
		EA9BBE2C2727EC1800031043 /* BasicInformationEngineerCaluclation */ = {
			isa = PBXNativeTarget;
			buildConfigurationList = EA9BBE512727EC1A00031043 /* Build configuration list for PBXNativeTarget "BasicInformationEngineerCaluclation" */;
			buildPhases = (
				EA9BBE292727EC1800031043 /* Sources */,
				EA9BBE2A2727EC1800031043 /* Frameworks */,
				EA9BBE2B2727EC1800031043 /* Resources */,
			);
			buildRules = (
			);
			dependencies = (
			);
			name = BasicInformationEngineerCaluclation;
			productName = BasicInformationEngineerCaluclation;
			productReference = EA9BBE2D2727EC1900031043 /* BasicInformationEngineerCaluclation.app */;
			productType = "com.apple.product-type.application";
		};
		EA9BBE3C2727EC1A00031043 /* BasicInformationEngineerCaluclationTests */ = {
			isa = PBXNativeTarget;
			buildConfigurationList = EA9BBE542727EC1A00031043 /* Build configuration list for PBXNativeTarget "BasicInformationEngineerCaluclationTests" */;
			buildPhases = (
				EA9BBE392727EC1A00031043 /* Sources */,
				EA9BBE3A2727EC1A00031043 /* Frameworks */,
				EA9BBE3B2727EC1A00031043 /* Resources */,
			);
			buildRules = (
			);
			dependencies = (
				EA9BBE3F2727EC1A00031043 /* PBXTargetDependency */,
			);
			name = BasicInformationEngineerCaluclationTests;
			productName = BasicInformationEngineerCaluclationTests;
			productReference = EA9BBE3D2727EC1A00031043 /* BasicInformationEngineerCaluclationTests.xctest */;
			productType = "com.apple.product-type.bundle.unit-test";
		};
		EA9BBE462727EC1A00031043 /* BasicInformationEngineerCaluclationUITests */ = {
			isa = PBXNativeTarget;
			buildConfigurationList = EA9BBE572727EC1A00031043 /* Build configuration list for PBXNativeTarget "BasicInformationEngineerCaluclationUITests" */;
			buildPhases = (
				EA9BBE432727EC1A00031043 /* Sources */,
				EA9BBE442727EC1A00031043 /* Frameworks */,
				EA9BBE452727EC1A00031043 /* Resources */,
			);
			buildRules = (
			);
			dependencies = (
				EA9BBE492727EC1A00031043 /* PBXTargetDependency */,
			);
			name = BasicInformationEngineerCaluclationUITests;
			productName = BasicInformationEngineerCaluclationUITests;
			productReference = EA9BBE472727EC1A00031043 /* BasicInformationEngineerCaluclationUITests.xctest */;
			productType = "com.apple.product-type.bundle.ui-testing";
		};
/* End PBXNativeTarget section */

/* Begin PBXProject section */
		EA9BBE252727EC1800031043 /* Project object */ = {
			isa = PBXProject;
			attributes = {
				BuildIndependentTargetsInParallel = 1;
				LastSwiftUpdateCheck = 1300;
				LastUpgradeCheck = 1300;
				TargetAttributes = {
					EA9BBE2C2727EC1800031043 = {
						CreatedOnToolsVersion = 13.0;
					};
					EA9BBE3C2727EC1A00031043 = {
						CreatedOnToolsVersion = 13.0;
						TestTargetID = EA9BBE2C2727EC1800031043;
					};
					EA9BBE462727EC1A00031043 = {
						CreatedOnToolsVersion = 13.0;
						TestTargetID = EA9BBE2C2727EC1800031043;
					};
				};
			};
			buildConfigurationList = EA9BBE282727EC1800031043 /* Build configuration list for PBXProject "BasicInformationEngineerCaluclation" */;
			compatibilityVersion = "Xcode 13.0";
			developmentRegion = en;
			hasScannedForEncodings = 0;
			knownRegions = (
				en,
				Base,
			);
			mainGroup = EA9BBE242727EC1800031043;
			productRefGroup = EA9BBE2E2727EC1900031043 /* Products */;
			projectDirPath = "";
			projectRoot = "";
			targets = (
				EA9BBE2C2727EC1800031043 /* BasicInformationEngineerCaluclation */,
				EA9BBE3C2727EC1A00031043 /* BasicInformationEngineerCaluclationTests */,
				EA9BBE462727EC1A00031043 /* BasicInformationEngineerCaluclationUITests */,
			);
		};
/* End PBXProject section */

/* Begin PBXResourcesBuildPhase section */
		EA9BBE2B2727EC1800031043 /* Resources */ = {
			isa = PBXResourcesBuildPhase;
			buildActionMask = 2147483647;
			files = (
				EA9BBE382727EC1A00031043 /* Preview Assets.xcassets in Resources */,
				EA9BBE352727EC1A00031043 /* Assets.xcassets in Resources */,
			);
			runOnlyForDeploymentPostprocessing = 0;
		};
		EA9BBE3B2727EC1A00031043 /* Resources */ = {
			isa = PBXResourcesBuildPhase;
			buildActionMask = 2147483647;
			files = (
			);
			runOnlyForDeploymentPostprocessing = 0;
		};
		EA9BBE452727EC1A00031043 /* Resources */ = {
			isa = PBXResourcesBuildPhase;
			buildActionMask = 2147483647;
			files = (
			);
			runOnlyForDeploymentPostprocessing = 0;
		};
/* End PBXResourcesBuildPhase section */

/* Begin PBXSourcesBuildPhase section */
		EA9BBE292727EC1800031043 /* Sources */ = {
			isa = PBXSourcesBuildPhase;
			buildActionMask = 2147483647;
			files = (
				EA9BBE5C2727ED0000031043 /* HomeView.swift in Sources */,
				EA9BBE332727EC1900031043 /* ContentView.swift in Sources */,
				EA9BBE312727EC1900031043 /* BasicInformationEngineerCaluclationApp.swift in Sources */,
			);
			runOnlyForDeploymentPostprocessing = 0;
		};
		EA9BBE392727EC1A00031043 /* Sources */ = {
			isa = PBXSourcesBuildPhase;
			buildActionMask = 2147483647;
			files = (
				EA9BBE422727EC1A00031043 /* BasicInformationEngineerCaluclationTests.swift in Sources */,
			);
			runOnlyForDeploymentPostprocessing = 0;
		};
		EA9BBE432727EC1A00031043 /* Sources */ = {
			isa = PBXSourcesBuildPhase;
			buildActionMask = 2147483647;
			files = (
				EA9BBE4C2727EC1A00031043 /* BasicInformationEngineerCaluclationUITests.swift in Sources */,
				EA9BBE4E2727EC1A00031043 /* BasicInformationEngineerCaluclationUITestsLaunchTests.swift in Sources */,
			);
			runOnlyForDeploymentPostprocessing = 0;
		};
/* End PBXSourcesBuildPhase section */

/* Begin PBXTargetDependency section */
		EA9BBE3F2727EC1A00031043 /* PBXTargetDependency */ = {
			isa = PBXTargetDependency;
			target = EA9BBE2C2727EC1800031043 /* BasicInformationEngineerCaluclation */;
			targetProxy = EA9BBE3E2727EC1A00031043 /* PBXContainerItemProxy */;
		};
		EA9BBE492727EC1A00031043 /* PBXTargetDependency */ = {
			isa = PBXTargetDependency;
			target = EA9BBE2C2727EC1800031043 /* BasicInformationEngineerCaluclation */;
			targetProxy = EA9BBE482727EC1A00031043 /* PBXContainerItemProxy */;
		};
/* End PBXTargetDependency section */

/* Begin XCBuildConfiguration section */
		EA9BBE4F2727EC1A00031043 /* Debug */ = {
			isa = XCBuildConfiguration;
			buildSettings = {
				ALWAYS_SEARCH_USER_PATHS = NO;
				CLANG_ANALYZER_NONNULL = YES;
				CLANG_ANALYZER_NUMBER_OBJECT_CONVERSION = YES_AGGRESSIVE;
				CLANG_CXX_LANGUAGE_STANDARD = "gnu++17";
				CLANG_CXX_LIBRARY = "libc++";
				CLANG_ENABLE_MODULES = YES;
				CLANG_ENABLE_OBJC_ARC = YES;
				CLANG_ENABLE_OBJC_WEAK = YES;
				CLANG_WARN_BLOCK_CAPTURE_AUTORELEASING = YES;
				CLANG_WARN_BOOL_CONVERSION = YES;
				CLANG_WARN_COMMA = YES;
				CLANG_WARN_CONSTANT_CONVERSION = YES;
				CLANG_WARN_DEPRECATED_OBJC_IMPLEMENTATIONS = YES;
				CLANG_WARN_DIRECT_OBJC_ISA_USAGE = YES_ERROR;
				CLANG_WARN_DOCUMENTATION_COMMENTS = YES;
				CLANG_WARN_EMPTY_BODY = YES;
				CLANG_WARN_ENUM_CONVERSION = YES;
				CLANG_WARN_INFINITE_RECURSION = YES;
				CLANG_WARN_INT_CONVERSION = YES;
				CLANG_WARN_NON_LITERAL_NULL_CONVERSION = YES;
				CLANG_WARN_OBJC_IMPLICIT_RETAIN_SELF = YES;
				CLANG_WARN_OBJC_LITERAL_CONVERSION = YES;
				CLANG_WARN_OBJC_ROOT_CLASS = YES_ERROR;
				CLANG_WARN_QUOTED_INCLUDE_IN_FRAMEWORK_HEADER = YES;
				CLANG_WARN_RANGE_LOOP_ANALYSIS = YES;
				CLANG_WARN_STRICT_PROTOTYPES = YES;
				CLANG_WARN_SUSPICIOUS_MOVE = YES;
				CLANG_WARN_UNGUARDED_AVAILABILITY = YES_AGGRESSIVE;
				CLANG_WARN_UNREACHABLE_CODE = YES;
				CLANG_WARN__DUPLICATE_METHOD_MATCH = YES;
				COPY_PHASE_STRIP = NO;
				DEBUG_INFORMATION_FORMAT = dwarf;
				ENABLE_STRICT_OBJC_MSGSEND = YES;
				ENABLE_TESTABILITY = YES;
				GCC_C_LANGUAGE_STANDARD = gnu11;
				GCC_DYNAMIC_NO_PIC = NO;
				GCC_NO_COMMON_BLOCKS = YES;
				GCC_OPTIMIZATION_LEVEL = 0;
				GCC_PREPROCESSOR_DEFINITIONS = (
					"DEBUG=1",
					"$(inherited)",
				);
				GCC_WARN_64_TO_32_BIT_CONVERSION = YES;
				GCC_WARN_ABOUT_RETURN_TYPE = YES_ERROR;
				GCC_WARN_UNDECLARED_SELECTOR = YES;
				GCC_WARN_UNINITIALIZED_AUTOS = YES_AGGRESSIVE;
				GCC_WARN_UNUSED_FUNCTION = YES;
				GCC_WARN_UNUSED_VARIABLE = YES;
				IPHONEOS_DEPLOYMENT_TARGET = 15.0;
				MTL_ENABLE_DEBUG_INFO = INCLUDE_SOURCE;
				MTL_FAST_MATH = YES;
				ONLY_ACTIVE_ARCH = YES;
				SDKROOT = iphoneos;
				SWIFT_ACTIVE_COMPILATION_CONDITIONS = DEBUG;
				SWIFT_OPTIMIZATION_LEVEL = "-Onone";
			};
			name = Debug;
		};
		EA9BBE502727EC1A00031043 /* Release */ = {
			isa = XCBuildConfiguration;
			buildSettings = {
				ALWAYS_SEARCH_USER_PATHS = NO;
				CLANG_ANALYZER_NONNULL = YES;
				CLANG_ANALYZER_NUMBER_OBJECT_CONVERSION = YES_AGGRESSIVE;
				CLANG_CXX_LANGUAGE_STANDARD = "gnu++17";
				CLANG_CXX_LIBRARY = "libc++";
				CLANG_ENABLE_MODULES = YES;
				CLANG_ENABLE_OBJC_ARC = YES;
				CLANG_ENABLE_OBJC_WEAK = YES;
				CLANG_WARN_BLOCK_CAPTURE_AUTORELEASING = YES;
				CLANG_WARN_BOOL_CONVERSION = YES;
				CLANG_WARN_COMMA = YES;
				CLANG_WARN_CONSTANT_CONVERSION = YES;
				CLANG_WARN_DEPRECATED_OBJC_IMPLEMENTATIONS = YES;
				CLANG_WARN_DIRECT_OBJC_ISA_USAGE = YES_ERROR;
				CLANG_WARN_DOCUMENTATION_COMMENTS = YES;
				CLANG_WARN_EMPTY_BODY = YES;
				CLANG_WARN_ENUM_CONVERSION = YES;
				CLANG_WARN_INFINITE_RECURSION = YES;
				CLANG_WARN_INT_CONVERSION = YES;
				CLANG_WARN_NON_LITERAL_NULL_CONVERSION = YES;
				CLANG_WARN_OBJC_IMPLICIT_RETAIN_SELF = YES;
				CLANG_WARN_OBJC_LITERAL_CONVERSION = YES;
				CLANG_WARN_OBJC_ROOT_CLASS = YES_ERROR;
				CLANG_WARN_QUOTED_INCLUDE_IN_FRAMEWORK_HEADER = YES;
				CLANG_WARN_RANGE_LOOP_ANALYSIS = YES;
				CLANG_WARN_STRICT_PROTOTYPES = YES;
				CLANG_WARN_SUSPICIOUS_MOVE = YES;
				CLANG_WARN_UNGUARDED_AVAILABILITY = YES_AGGRESSIVE;
				CLANG_WARN_UNREACHABLE_CODE = YES;
				CLANG_WARN__DUPLICATE_METHOD_MATCH = YES;
				COPY_PHASE_STRIP = NO;
				DEBUG_INFORMATION_FORMAT = "dwarf-with-dsym";
				ENABLE_NS_ASSERTIONS = NO;
				ENABLE_STRICT_OBJC_MSGSEND = YES;
				GCC_C_LANGUAGE_STANDARD = gnu11;
				GCC_NO_COMMON_BLOCKS = YES;
				GCC_WARN_64_TO_32_BIT_CONVERSION = YES;
				GCC_WARN_ABOUT_RETURN_TYPE = YES_ERROR;
				GCC_WARN_UNDECLARED_SELECTOR = YES;
				GCC_WARN_UNINITIALIZED_AUTOS = YES_AGGRESSIVE;
				GCC_WARN_UNUSED_FUNCTION = YES;
				GCC_WARN_UNUSED_VARIABLE = YES;
				IPHONEOS_DEPLOYMENT_TARGET = 15.0;
				MTL_ENABLE_DEBUG_INFO = NO;
				MTL_FAST_MATH = YES;
				SDKROOT = iphoneos;
				SWIFT_COMPILATION_MODE = wholemodule;
				SWIFT_OPTIMIZATION_LEVEL = "-O";
				VALIDATE_PRODUCT = YES;
			};
			name = Release;
		};
		EA9BBE522727EC1A00031043 /* Debug */ = {
			isa = XCBuildConfiguration;
			buildSettings = {
				ASSETCATALOG_COMPILER_APPICON_NAME = AppIcon;
				ASSETCATALOG_COMPILER_GLOBAL_ACCENT_COLOR_NAME = AccentColor;
				CODE_SIGN_STYLE = Automatic;
				CURRENT_PROJECT_VERSION = 1;
				DEVELOPMENT_ASSET_PATHS = "\"BasicInformationEngineerCaluclation/Preview Content\"";
				ENABLE_PREVIEWS = YES;
				GENERATE_INFOPLIST_FILE = YES;
				INFOPLIST_KEY_UIApplicationSceneManifest_Generation = YES;
				INFOPLIST_KEY_UIApplicationSupportsIndirectInputEvents = YES;
				INFOPLIST_KEY_UILaunchScreen_Generation = YES;
				INFOPLIST_KEY_UISupportedInterfaceOrientations_iPad = "UIInterfaceOrientationPortrait UIInterfaceOrientationPortraitUpsideDown UIInterfaceOrientationLandscapeLeft UIInterfaceOrientationLandscapeRight";
				INFOPLIST_KEY_UISupportedInterfaceOrientations_iPhone = "UIInterfaceOrientationPortrait UIInterfaceOrientationLandscapeLeft UIInterfaceOrientationLandscapeRight";
				IPHONEOS_DEPLOYMENT_TARGET = 14.0;
				LD_RUNPATH_SEARCH_PATHS = (
					"$(inherited)",
					"@executable_path/Frameworks",
				);
				MARKETING_VERSION = 1.0;
				PRODUCT_BUNDLE_IDENTIFIER = com.BasicInformationEngineerCaluclation;
				PRODUCT_NAME = "$(TARGET_NAME)";
				SWIFT_EMIT_LOC_STRINGS = YES;
				SWIFT_VERSION = 5.0;
				TARGETED_DEVICE_FAMILY = "1,2";
			};
			name = Debug;
		};
		EA9BBE532727EC1A00031043 /* Release */ = {
			isa = XCBuildConfiguration;
			buildSettings = {
				ASSETCATALOG_COMPILER_APPICON_NAME = AppIcon;
				ASSETCATALOG_COMPILER_GLOBAL_ACCENT_COLOR_NAME = AccentColor;
				CODE_SIGN_STYLE = Automatic;
				CURRENT_PROJECT_VERSION = 1;
				DEVELOPMENT_ASSET_PATHS = "\"BasicInformationEngineerCaluclation/Preview Content\"";
				ENABLE_PREVIEWS = YES;
				GENERATE_INFOPLIST_FILE = YES;
				INFOPLIST_KEY_UIApplicationSceneManifest_Generation = YES;
				INFOPLIST_KEY_UIApplicationSupportsIndirectInputEvents = YES;
				INFOPLIST_KEY_UILaunchScreen_Generation = YES;
				INFOPLIST_KEY_UISupportedInterfaceOrientations_iPad = "UIInterfaceOrientationPortrait UIInterfaceOrientationPortraitUpsideDown UIInterfaceOrientationLandscapeLeft UIInterfaceOrientationLandscapeRight";
				INFOPLIST_KEY_UISupportedInterfaceOrientations_iPhone = "UIInterfaceOrientationPortrait UIInterfaceOrientationLandscapeLeft UIInterfaceOrientationLandscapeRight";
				IPHONEOS_DEPLOYMENT_TARGET = 14.0;
				LD_RUNPATH_SEARCH_PATHS = (
					"$(inherited)",
					"@executable_path/Frameworks",
				);
				MARKETING_VERSION = 1.0;
				PRODUCT_BUNDLE_IDENTIFIER = com.BasicInformationEngineerCaluclation;
				PRODUCT_NAME = "$(TARGET_NAME)";
				SWIFT_EMIT_LOC_STRINGS = YES;
				SWIFT_VERSION = 5.0;
				TARGETED_DEVICE_FAMILY = "1,2";
			};
			name = Release;
		};
		EA9BBE552727EC1A00031043 /* Debug */ = {
			isa = XCBuildConfiguration;
			buildSettings = {
				ALWAYS_EMBED_SWIFT_STANDARD_LIBRARIES = YES;
				BUNDLE_LOADER = "$(TEST_HOST)";
				CODE_SIGN_STYLE = Automatic;
				CURRENT_PROJECT_VERSION = 1;
				GENERATE_INFOPLIST_FILE = YES;
				IPHONEOS_DEPLOYMENT_TARGET = 14.0;
				LD_RUNPATH_SEARCH_PATHS = (
					"$(inherited)",
					"@executable_path/Frameworks",
					"@loader_path/Frameworks",
				);
				MARKETING_VERSION = 1.0;
				PRODUCT_BUNDLE_IDENTIFIER = com.BasicInformationEngineerCaluclationTests;
				PRODUCT_NAME = "$(TARGET_NAME)";
				SWIFT_EMIT_LOC_STRINGS = NO;
				SWIFT_VERSION = 5.0;
				TARGETED_DEVICE_FAMILY = "1,2";
				TEST_HOST = "$(BUILT_PRODUCTS_DIR)/BasicInformationEngineerCaluclation.app/BasicInformationEngineerCaluclation";
			};
			name = Debug;
		};
		EA9BBE562727EC1A00031043 /* Release */ = {
			isa = XCBuildConfiguration;
			buildSettings = {
				ALWAYS_EMBED_SWIFT_STANDARD_LIBRARIES = YES;
				BUNDLE_LOADER = "$(TEST_HOST)";
				CODE_SIGN_STYLE = Automatic;
				CURRENT_PROJECT_VERSION = 1;
				GENERATE_INFOPLIST_FILE = YES;
				IPHONEOS_DEPLOYMENT_TARGET = 14.0;
				LD_RUNPATH_SEARCH_PATHS = (
					"$(inherited)",
					"@executable_path/Frameworks",
					"@loader_path/Frameworks",
				);
				MARKETING_VERSION = 1.0;
				PRODUCT_BUNDLE_IDENTIFIER = com.BasicInformationEngineerCaluclationTests;
				PRODUCT_NAME = "$(TARGET_NAME)";
				SWIFT_EMIT_LOC_STRINGS = NO;
				SWIFT_VERSION = 5.0;
				TARGETED_DEVICE_FAMILY = "1,2";
				TEST_HOST = "$(BUILT_PRODUCTS_DIR)/BasicInformationEngineerCaluclation.app/BasicInformationEngineerCaluclation";
			};
			name = Release;
		};
		EA9BBE582727EC1A00031043 /* Debug */ = {
			isa = XCBuildConfiguration;
			buildSettings = {
				ALWAYS_EMBED_SWIFT_STANDARD_LIBRARIES = YES;
				CODE_SIGN_STYLE = Automatic;
				CURRENT_PROJECT_VERSION = 1;
				GENERATE_INFOPLIST_FILE = YES;
				LD_RUNPATH_SEARCH_PATHS = (
					"$(inherited)",
					"@executable_path/Frameworks",
					"@loader_path/Frameworks",
				);
				MARKETING_VERSION = 1.0;
				PRODUCT_BUNDLE_IDENTIFIER = com.BasicInformationEngineerCaluclationUITests;
				PRODUCT_NAME = "$(TARGET_NAME)";
				SWIFT_EMIT_LOC_STRINGS = NO;
				SWIFT_VERSION = 5.0;
				TARGETED_DEVICE_FAMILY = "1,2";
				TEST_TARGET_NAME = BasicInformationEngineerCaluclation;
			};
			name = Debug;
		};
		EA9BBE592727EC1A00031043 /* Release */ = {
			isa = XCBuildConfiguration;
			buildSettings = {
				ALWAYS_EMBED_SWIFT_STANDARD_LIBRARIES = YES;
				CODE_SIGN_STYLE = Automatic;
				CURRENT_PROJECT_VERSION = 1;
				GENERATE_INFOPLIST_FILE = YES;
				LD_RUNPATH_SEARCH_PATHS = (
					"$(inherited)",
					"@executable_path/Frameworks",
					"@loader_path/Frameworks",
				);
				MARKETING_VERSION = 1.0;
				PRODUCT_BUNDLE_IDENTIFIER = com.BasicInformationEngineerCaluclationUITests;
				PRODUCT_NAME = "$(TARGET_NAME)";
				SWIFT_EMIT_LOC_STRINGS = NO;
				SWIFT_VERSION = 5.0;
				TARGETED_DEVICE_FAMILY = "1,2";
				TEST_TARGET_NAME = BasicInformationEngineerCaluclation;
			};
			name = Release;
		};
/* End XCBuildConfiguration section */

/* Begin XCConfigurationList section */
		EA9BBE282727EC1800031043 /* Build configuration list for PBXProject "BasicInformationEngineerCaluclation" */ = {
			isa = XCConfigurationList;
			buildConfigurations = (
				EA9BBE4F2727EC1A00031043 /* Debug */,
				EA9BBE502727EC1A00031043 /* Release */,
			);
			defaultConfigurationIsVisible = 0;
			defaultConfigurationName = Release;
		};
		EA9BBE512727EC1A00031043 /* Build configuration list for PBXNativeTarget "BasicInformationEngineerCaluclation" */ = {
			isa = XCConfigurationList;
			buildConfigurations = (
				EA9BBE522727EC1A00031043 /* Debug */,
				EA9BBE532727EC1A00031043 /* Release */,
			);
			defaultConfigurationIsVisible = 0;
			defaultConfigurationName = Release;
		};
		EA9BBE542727EC1A00031043 /* Build configuration list for PBXNativeTarget "BasicInformationEngineerCaluclationTests" */ = {
			isa = XCConfigurationList;
			buildConfigurations = (
				EA9BBE552727EC1A00031043 /* Debug */,
				EA9BBE562727EC1A00031043 /* Release */,
			);
			defaultConfigurationIsVisible = 0;
			defaultConfigurationName = Release;
		};
		EA9BBE572727EC1A00031043 /* Build configuration list for PBXNativeTarget "BasicInformationEngineerCaluclationUITests" */ = {
			isa = XCConfigurationList;
			buildConfigurations = (
				EA9BBE582727EC1A00031043 /* Debug */,
				EA9BBE592727EC1A00031043 /* Release */,
			);
			defaultConfigurationIsVisible = 0;
			defaultConfigurationName = Release;
		};
/* End XCConfigurationList section */
	};
	rootObject = EA9BBE252727EC1800031043 /* Project object */;
}
